
Microsoft Visual Studio Solution File, Format Version 12.00
# Visual Studio Version 17
VisualStudioVersion = 17.10.35027.167
MinimumVisualStudioVersion = 10.0.40219.1
Project("{FAE04EC0-301F-11D3-BF4B-00C04F79EFBC}") = "WinFormsApp1", "WinFormsApp1\WinFormsApp1.csproj", "{9B9E875B-EBCA-45FD-B2D7-4AD4D0DAEBCC}"
EndProject
Global
	GlobalSection(SolutionConfigurationPlatforms) = preSolution
		Debug|Any CPU = Debug|Any CPU
		Release|Any CPU = Release|Any CPU
	EndGlobalSection
	GlobalSection(ProjectConfigurationPlatforms) = postSolution
		{9B9E875B-EBCA-45FD-B2D7-4AD4D0DAEBCC}.Debug|Any CPU.ActiveCfg = Debug|Any CPU
		{9B9E875B-EBCA-45FD-B2D7-4AD4D0DAEBCC}.Debug|Any CPU.Build.0 = Debug|Any CPU
		{9B9E875B-EBCA-45FD-B2D7-4AD4D0DAEBCC}.Release|Any CPU.ActiveCfg = Release|Any CPU
		{9B9E875B-EBCA-45FD-B2D7-4AD4D0DAEBCC}.Release|Any CPU.Build.0 = Release|Any CPU
	EndGlobalSection
	GlobalSection(SolutionProperties) = preSolution
		HideSolutionNode = FALSE
	EndGlobalSection
	GlobalSection(ExtensibilityGlobals) = postSolution
		SolutionGuid = {5831D097-4741-4740-A644-58BFD27A9EAE}
	EndGlobalSection
EndGlobal
